
Microsoft Visual Studio Solution File, Format Version 12.00
# Visual Studio 15
VisualStudioVersion = 15.0.28307.271
MinimumVisualStudioVersion = 10.0.40219.1
Project("{FAE04EC0-301F-11D3-BF4B-00C04F79EFBC}") = "ReportGenerator", "ReportGenerator\ReportGenerator.csproj", "{C0C13F08-97ED-4001-9632-6296846964C4}"
EndProject
Project("{54435603-DBB4-11D2-8724-00A0C9A8B90C}") = "Transcription Reporter", "TranscriptionReporter\TranscriptionReporter.vdproj", "{782C0181-76F5-40B5-BE3E-85DD73FD394C}"
EndProject
Global
	GlobalSection(SolutionConfigurationPlatforms) = preSolution
		Debug|Any CPU = Debug|Any CPU
		Release|Any CPU = Release|Any CPU
	EndGlobalSection
	GlobalSection(ProjectConfigurationPlatforms) = postSolution
		{C0C13F08-97ED-4001-9632-6296846964C4}.Debug|Any CPU.ActiveCfg = Release|Any CPU
		{C0C13F08-97ED-4001-9632-6296846964C4}.Debug|Any CPU.Build.0 = Release|Any CPU
		{C0C13F08-97ED-4001-9632-6296846964C4}.Release|Any CPU.ActiveCfg = Release|Any CPU
		{C0C13F08-97ED-4001-9632-6296846964C4}.Release|Any CPU.Build.0 = Release|Any CPU
		{782C0181-76F5-40B5-BE3E-85DD73FD394C}.Debug|Any CPU.ActiveCfg = Debug
		{782C0181-76F5-40B5-BE3E-85DD73FD394C}.Release|Any CPU.ActiveCfg = Release
	EndGlobalSection
	GlobalSection(SolutionProperties) = preSolution
		HideSolutionNode = FALSE
	EndGlobalSection
	GlobalSection(ExtensibilityGlobals) = postSolution
		SolutionGuid = {AA4EC0BC-796B-411E-9C92-572B2808236D}
	EndGlobalSection
EndGlobal
